<?xml version="1.0" encoding="utf-8"?>
<Project ToolsVersion="4.0" xmlns="http://schemas.microsoft.com/developer/msbuild/2003">
	<ItemGroup>
		<Filter Include="src">
			<UniqueIdentifier>{8A4886AA-2805-8B06-09D4-E39BB01F8A3F}</UniqueIdentifier>
		</Filter>
		<Filter Include="src\game">
			<UniqueIdentifier>{E611BAF6-D965-AE60-8046-FE1D88088D2F}</UniqueIdentifier>
		</Filter>
		<Filter Include="src\LuaScript">
			<UniqueIdentifier>{005D2F9F-E9F4-10AC-D780-EF2350C159E5}</UniqueIdentifier>
		</Filter>
		<Filter Include="src\pn">
			<UniqueIdentifier>{C2785254-3CEF-687A-69FB-CFDD39D39D10}</UniqueIdentifier>
		</Filter>
		<Filter Include="src\math">
			<UniqueIdentifier>{0854E8E5-976B-D02D-C24C-DE8806CDC896}</UniqueIdentifier>
		</Filter>
		<Filter Include="src\transition">
			<UniqueIdentifier>{D1AC1A5D-01B8-8F97-6573-A4500BCD590B}</UniqueIdentifier>
		</Filter>
		<Filter Include="src\editor">
			<UniqueIdentifier>{FE4B678A-FBD5-E47E-B7B9-96E332907E5B}</UniqueIdentifier>
		</Filter>
	</ItemGroup>
	<ItemGroup>
		<ClInclude Include="src\IStateManager.h">
			<Filter>src</Filter>
		</ClInclude>
		<ClInclude Include="src\Octree.h">
			<Filter>src</Filter>
		</ClInclude>
		<ClInclude Include="src\Texture.h">
			<Filter>src</Filter>
		</ClInclude>
		<ClInclude Include="src\Util.h">
			<Filter>src</Filter>
		</ClInclude>
		<ClInclude Include="src\Actor.h">
			<Filter>src</Filter>
		</ClInclude>
		<ClInclude Include="src\RenderBuffer.h">
			<Filter>src</Filter>
		</ClInclude>
		<ClInclude Include="src\IPhysicsObject.h">
			<Filter>src</Filter>
		</ClInclude>
		<ClInclude Include="src\AITypeParser.h">
			<Filter>src</Filter>
		</ClInclude>
		<ClInclude Include="src\NodeFactory.h">
			<Filter>src</Filter>
		</ClInclude>
		<ClInclude Include="src\ParticleSystem.h">
			<Filter>src</Filter>
		</ClInclude>
		<ClInclude Include="src\Audio.h">
			<Filter>src</Filter>
		</ClInclude>
		<ClInclude Include="src\Material.h">
			<Filter>src</Filter>
		</ClInclude>
		<ClInclude Include="src\TrackerNode.h">
			<Filter>src</Filter>
		</ClInclude>
		<ClInclude Include="src\ResourcePath.h">
			<Filter>src</Filter>
		</ClInclude>
		<ClInclude Include="src\ISingleton.h">
			<Filter>src</Filter>
		</ClInclude>
		<ClInclude Include="src\Renderer.h">
			<Filter>src</Filter>
		</ClInclude>
		<ClInclude Include="src\NodeAttributes.h">
			<Filter>src</Filter>
		</ClInclude>
		<ClInclude Include="src\Shader.h">
			<Filter>src</Filter>
		</ClInclude>
		<ClInclude Include="src\Viewmodel.h">
			<Filter>src</Filter>
		</ClInclude>
		<ClInclude Include="src\Developer.h">
			<Filter>src</Filter>
		</ClInclude>
		<ClInclude Include="src\IFallible.h">
			<Filter>src</Filter>
		</ClInclude>
		<ClInclude Include="src\Entity.h">
			<Filter>src</Filter>
		</ClInclude>
		<ClInclude Include="src\EulerNode.h">
			<Filter>src</Filter>
		</ClInclude>
		<ClInclude Include="src\PropertyList.h">
			<Filter>src</Filter>
		</ClInclude>
		<ClInclude Include="src\ITrackable.h">
			<Filter>src</Filter>
		</ClInclude>
		<ClInclude Include="src\IRealtime.h">
			<Filter>src</Filter>
		</ClInclude>
		<ClInclude Include="src\Node.h">
			<Filter>src</Filter>
		</ClInclude>
		<ClInclude Include="src\ISuperParent.h">
			<Filter>src</Filter>
		</ClInclude>
		<ClInclude Include="src\EnvironmentNode.h">
			<Filter>src</Filter>
		</ClInclude>
		<ClInclude Include="src\Scene.h">
			<Filter>src</Filter>
		</ClInclude>
		<ClInclude Include="src\IConfig.h">
			<Filter>src</Filter>
		</ClInclude>
		<ClInclude Include="src\ResourceMap.h">
			<Filter>src</Filter>
		</ClInclude>
		<ClInclude Include="src\Engine.h">
			<Filter>src</Filter>
		</ClInclude>
		<ClInclude Include="src\IPartitioner.h">
			<Filter>src</Filter>
		</ClInclude>
		<ClInclude Include="src\Graphics.h">
			<Filter>src</Filter>
		</ClInclude>
		<ClInclude Include="src\IRenderable.h">
			<Filter>src</Filter>
		</ClInclude>
		<ClInclude Include="src\DumbyPartitioner.h">
			<Filter>src</Filter>
		</ClInclude>
		<ClInclude Include="src\IListenable.h">
			<Filter>src</Filter>
		</ClInclude>
		<ClInclude Include="src\Version.h">
			<Filter>src</Filter>
		</ClInclude>
		<ClInclude Include="src\Shadow.h">
			<Filter>src</Filter>
		</ClInclude>
		<ClInclude Include="src\Frustum.h">
			<Filter>src</Filter>
		</ClInclude>
		<ClInclude Include="src\IMeshContainer.h">
			<Filter>src</Filter>
		</ClInclude>
		<ClInclude Include="src\GUI.h">
			<Filter>src</Filter>
		</ClInclude>
		<ClInclude Include="src\Freq.h">
			<Filter>src</Filter>
		</ClInclude>
		<ClInclude Include="src\Light.h">
			<Filter>src</Filter>
		</ClInclude>
		<ClInclude Include="src\Settings.h">
			<Filter>src</Filter>
		</ClInclude>
		<ClInclude Include="src\Spectator.h">
			<Filter>src</Filter>
		</ClInclude>
		<ClInclude Include="src\Log.h">
			<Filter>src</Filter>
		</ClInclude>
		<ClInclude Include="src\Mesh.h">
			<Filter>src</Filter>
		</ClInclude>
		<ClInclude Include="src\IState.h">
			<Filter>src</Filter>
		</ClInclude>
		<ClInclude Include="src\Console.h">
			<Filter>src</Filter>
		</ClInclude>
		<ClInclude Include="src\Physics.h">
			<Filter>src</Filter>
		</ClInclude>
		<ClInclude Include="src\Filesystem.h">
			<Filter>src</Filter>
		</ClInclude>
		<ClInclude Include="src\IStaticInstance.h">
			<Filter>src</Filter>
		</ClInclude>
		<ClInclude Include="src\Batch.h">
			<Filter>src</Filter>
		</ClInclude>
		<ClInclude Include="src\Input.h">
			<Filter>src</Filter>
		</ClInclude>
		<ClInclude Include="src\GfxAPI.h">
			<Filter>src</Filter>
		</ClInclude>
		<ClInclude Include="src\Sound.h">
			<Filter>src</Filter>
		</ClInclude>
		<ClInclude Include="src\game\GameState.h">
			<Filter>src\game</Filter>
		</ClInclude>
		<ClInclude Include="src\LuaScript\LuaState.h">
			<Filter>src\LuaScript</Filter>
		</ClInclude>
		<ClInclude Include="src\pn\pnUtil.h">
			<Filter>src\pn</Filter>
		</ClInclude>
		<ClInclude Include="src\pn\pn.h">
			<Filter>src\pn</Filter>
		</ClInclude>
		<ClInclude Include="src\math\vectorops.h">
			<Filter>src\math</Filter>
		</ClInclude>
		<ClInclude Include="src\math\angle.h">
			<Filter>src\math</Filter>
		</ClInclude>
		<ClInclude Include="src\math\matrixops.h">
			<Filter>src\math</Filter>
		</ClInclude>
		<ClInclude Include="src\math\matrixstack.h">
			<Filter>src\math</Filter>
		</ClInclude>
		<ClInclude Include="src\math\common.h">
			<Filter>src\math</Filter>
		</ClInclude>
		<ClInclude Include="src\transition\TransitionState.h">
			<Filter>src\transition</Filter>
		</ClInclude>
		<ClInclude Include="src\transition\TransitionInfo.h">
			<Filter>src\transition</Filter>
		</ClInclude>
		<ClInclude Include="src\editor\SelectorNode.h">
			<Filter>src\editor</Filter>
		</ClInclude>
		<ClInclude Include="src\editor\EditorState.h">
			<Filter>src\editor</Filter>
		</ClInclude>
		<ClInclude Include="src\editor\Selection.h">
			<Filter>src\editor</Filter>
		</ClInclude>
	</ItemGroup>
	<ItemGroup>
		<ClCompile Include="src\Freq.cpp">
			<Filter>src</Filter>
		</ClCompile>
		<ClCompile Include="src\Filesystem.cpp">
			<Filter>src</Filter>
		</ClCompile>
		<ClCompile Include="src\Entity.cpp">
			<Filter>src</Filter>
		</ClCompile>
		<ClCompile Include="src\Frustum.cpp">
			<Filter>src</Filter>
		</ClCompile>
		<ClCompile Include="src\Physics.cpp">
			<Filter>src</Filter>
		</ClCompile>
		<ClCompile Include="src\Engine.cpp">
			<Filter>src</Filter>
		</ClCompile>
		<ClCompile Include="src\IPhysicsObject.cpp">
			<Filter>src</Filter>
		</ClCompile>
		<ClCompile Include="src\Shader.cpp">
			<Filter>src</Filter>
		</ClCompile>
		<ClCompile Include="src\ParticleSystem.cpp">
			<Filter>src</Filter>
		</ClCompile>
		<ClCompile Include="src\Scene.cpp">
			<Filter>src</Filter>
		</ClCompile>
		<ClCompile Include="src\Input.cpp">
			<Filter>src</Filter>
		</ClCompile>
		<ClCompile Include="src\EnvironmentNode.cpp">
			<Filter>src</Filter>
		</ClCompile>
		<ClCompile Include="src\Developer.cpp">
			<Filter>src</Filter>
		</ClCompile>
		<ClCompile Include="src\Spectator.cpp">
			<Filter>src</Filter>
		</ClCompile>
		<ClCompile Include="src\Mesh.cpp">
			<Filter>src</Filter>
		</ClCompile>
		<ClCompile Include="src\Main.cpp">
			<Filter>src</Filter>
		</ClCompile>
		<ClCompile Include="src\Texture.cpp">
			<Filter>src</Filter>
		</ClCompile>
		<ClCompile Include="src\Console.cpp">
			<Filter>src</Filter>
		</ClCompile>
		<ClCompile Include="src\Log.cpp">
			<Filter>src</Filter>
		</ClCompile>
		<ClCompile Include="src\PropertyList.cpp">
			<Filter>src</Filter>
		</ClCompile>
		<ClCompile Include="src\Node.cpp">
			<Filter>src</Filter>
		</ClCompile>
		<ClCompile Include="src\GUI.cpp">
			<Filter>src</Filter>
		</ClCompile>
		<ClCompile Include="src\Renderer.cpp">
			<Filter>src</Filter>
		</ClCompile>
		<ClCompile Include="src\Graphics.cpp">
			<Filter>src</Filter>
		</ClCompile>
		<ClCompile Include="src\Actor.cpp">
			<Filter>src</Filter>
		</ClCompile>
		<ClCompile Include="src\Material.cpp">
			<Filter>src</Filter>
		</ClCompile>
		<ClCompile Include="src\Audio.cpp">
			<Filter>src</Filter>
		</ClCompile>
		<ClCompile Include="src\TrackerNode.cpp">
			<Filter>src</Filter>
		</ClCompile>
		<ClCompile Include="src\DumbyPartitioner.cpp">
			<Filter>src</Filter>
		</ClCompile>
		<ClCompile Include="src\EulerNode.cpp">
			<Filter>src</Filter>
		</ClCompile>
		<ClCompile Include="src\Settings.cpp">
			<Filter>src</Filter>
		</ClCompile>
		<ClCompile Include="src\Batch.cpp">
			<Filter>src</Filter>
		</ClCompile>
		<ClCompile Include="src\Shadow.cpp">
			<Filter>src</Filter>
		</ClCompile>
		<ClCompile Include="src\NodeFactory.cpp">
			<Filter>src</Filter>
		</ClCompile>
		<ClCompile Include="src\game\GameState.cpp">
			<Filter>src\game</Filter>
		</ClCompile>
		<ClCompile Include="src\pn\pnSocket.cpp">
			<Filter>src\pn</Filter>
		</ClCompile>
		<ClCompile Include="src\pn\pnBuffer.cpp">
			<Filter>src\pn</Filter>
		</ClCompile>
		<ClCompile Include="src\pn\pnUtil.cpp">
			<Filter>src\pn</Filter>
		</ClCompile>
		<ClCompile Include="src\pn\pn.cpp">
			<Filter>src\pn</Filter>
		</ClCompile>
		<ClCompile Include="src\math\matrixstack.cpp">
			<Filter>src\math</Filter>
		</ClCompile>
		<ClCompile Include="src\editor\EditorState.cpp">
			<Filter>src\editor</Filter>
		</ClCompile>
		<ClCompile Include="src\editor\SelectorNode.cpp">
			<Filter>src\editor</Filter>
		</ClCompile>
	</ItemGroup>
</Project>
